
Microsoft Visual Studio Solution File, Format Version 12.00
# Visual Studio Version 17
VisualStudioVersion = 17.13.35931.197 d17.13
MinimumVisualStudioVersion = 10.0.40219.1
Project("{FAE04EC0-301F-11D3-BF4B-00C04F79EFBC}") = "Task1", "Task1\Task1.csproj", "{6C5A745D-03D2-48B0-AAFD-82BEF8F77335}"
EndProject
Global
	GlobalSection(SolutionConfigurationPlatforms) = preSolution
		Debug|Any CPU = Debug|Any CPU
		Release|Any CPU = Release|Any CPU
	EndGlobalSection
	GlobalSection(ProjectConfigurationPlatforms) = postSolution
		{6C5A745D-03D2-48B0-AAFD-82BEF8F77335}.Debug|Any CPU.ActiveCfg = Debug|Any CPU
		{6C5A745D-03D2-48B0-AAFD-82BEF8F77335}.Debug|Any CPU.Build.0 = Debug|Any CPU
		{6C5A745D-03D2-48B0-AAFD-82BEF8F77335}.Release|Any CPU.ActiveCfg = Release|Any CPU
		{6C5A745D-03D2-48B0-AAFD-82BEF8F77335}.Release|Any CPU.Build.0 = Release|Any CPU
	EndGlobalSection
	GlobalSection(SolutionProperties) = preSolution
		HideSolutionNode = FALSE
	EndGlobalSection
	GlobalSection(ExtensibilityGlobals) = postSolution
		SolutionGuid = {1A91CBAD-B728-4B57-A849-4096AD066647}
	EndGlobalSection
EndGlobal
